
Microsoft Visual Studio Solution File, Format Version 11.00
# Visual Studio 2010
Project("{888888A0-9F3D-457C-B088-3A5042F75D52}") = "fix_paciente_identificador_vs", "fix_paciente_identificador_vs.pyproj", "{DFDFBB9C-5B4C-46D3-AEBE-1BE54D60956B}"
EndProject
Global
	GlobalSection(SolutionConfigurationPlatforms) = preSolution
		Debug|Any CPU = Debug|Any CPU
		Release|Any CPU = Release|Any CPU
	EndGlobalSection
	GlobalSection(ProjectConfigurationPlatforms) = postSolution
		{DFDFBB9C-5B4C-46D3-AEBE-1BE54D60956B}.Debug|Any CPU.ActiveCfg = Debug|Any CPU
		{DFDFBB9C-5B4C-46D3-AEBE-1BE54D60956B}.Debug|Any CPU.Build.0 = Debug|Any CPU
		{DFDFBB9C-5B4C-46D3-AEBE-1BE54D60956B}.Release|Any CPU.ActiveCfg = Release|Any CPU
		{DFDFBB9C-5B4C-46D3-AEBE-1BE54D60956B}.Release|Any CPU.Build.0 = Release|Any CPU
	EndGlobalSection
	GlobalSection(SolutionProperties) = preSolution
		HideSolutionNode = FALSE
	EndGlobalSection
EndGlobal
